
Microsoft Visual Studio Solution File, Format Version 12.00
# Visual Studio Version 16
VisualStudioVersion = 16.0.34601.136
MinimumVisualStudioVersion = 10.0.40219.1
Project("{FAE04EC0-301F-11D3-BF4B-00C04F79EFBC}") = "antiVirusBypass_csharp", "antiVirusBypass_csharp\antiVirusBypass_csharp.csproj", "{004767E8-D88C-47C1-BE72-4ACBD9CAF926}"
EndProject
Global
	GlobalSection(SolutionConfigurationPlatforms) = preSolution
		Debug|Any CPU = Debug|Any CPU
		Release|Any CPU = Release|Any CPU
	EndGlobalSection
	GlobalSection(ProjectConfigurationPlatforms) = postSolution
		{004767E8-D88C-47C1-BE72-4ACBD9CAF926}.Debug|Any CPU.ActiveCfg = Debug|Any CPU
		{004767E8-D88C-47C1-BE72-4ACBD9CAF926}.Debug|Any CPU.Build.0 = Debug|Any CPU
		{004767E8-D88C-47C1-BE72-4ACBD9CAF926}.Release|Any CPU.ActiveCfg = Release|Any CPU
		{004767E8-D88C-47C1-BE72-4ACBD9CAF926}.Release|Any CPU.Build.0 = Release|Any CPU
	EndGlobalSection
	GlobalSection(SolutionProperties) = preSolution
		HideSolutionNode = FALSE
	EndGlobalSection
	GlobalSection(ExtensibilityGlobals) = postSolution
		SolutionGuid = {89D26BFF-7E16-467B-899B-50063E7D63B5}
	EndGlobalSection
EndGlobal
