
Microsoft Visual Studio Solution File, Format Version 12.00
# Visual Studio Version 16
VisualStudioVersion = 16.0.34601.136
MinimumVisualStudioVersion = 10.0.40219.1
Project("{FAE04EC0-301F-11D3-BF4B-00C04F79EFBC}") = "processInjectionCSharp", "processInjectionCSharp\processInjectionCSharp.csproj", "{4B08D312-D63D-4DCA-9B5F-619400F2AF95}"
EndProject
Global
	GlobalSection(SolutionConfigurationPlatforms) = preSolution
		Debug|Any CPU = Debug|Any CPU
		Release|Any CPU = Release|Any CPU
	EndGlobalSection
	GlobalSection(ProjectConfigurationPlatforms) = postSolution
		{4B08D312-D63D-4DCA-9B5F-619400F2AF95}.Debug|Any CPU.ActiveCfg = Debug|Any CPU
		{4B08D312-D63D-4DCA-9B5F-619400F2AF95}.Debug|Any CPU.Build.0 = Debug|Any CPU
		{4B08D312-D63D-4DCA-9B5F-619400F2AF95}.Release|Any CPU.ActiveCfg = Release|Any CPU
		{4B08D312-D63D-4DCA-9B5F-619400F2AF95}.Release|Any CPU.Build.0 = Release|Any CPU
	EndGlobalSection
	GlobalSection(SolutionProperties) = preSolution
		HideSolutionNode = FALSE
	EndGlobalSection
	GlobalSection(ExtensibilityGlobals) = postSolution
		SolutionGuid = {84F5A7D4-4CD3-4F89-85C9-76586C7DD30A}
	EndGlobalSection
EndGlobal
